# This file was autogenerated by Stack.
# You should not edit this file by hand.
# For more information, please see the documentation at:
#   https://docs.haskellstack.org/en/stable/lock_files

packages:
- completed:
    hackage: hasql-th-0.4.0.9@sha256:56515d8d08d4c68e36899a46624ecd1505608cf6b4c24b5c33aee54bc76e6275,2245
    pantry-tree:
      size: 864
      sha256: 0c895bf03caf2c77e8a314bcd08dae41fe0eaadbcaf9ce92de9b1538067f3347
  original:
    hackage: hasql-th-0.4.0.9@sha256:56515d8d08d4c68e36899a46624ecd1505608cf6b4c24b5c33aee54bc76e6275,2245
- completed:
    hackage: headed-megaparsec-0.2.0.1@sha256:4bb2f1e68d2972e6b40ede202708c81b2e2fe83c454e439f27f47d1fdf7c8697,1571
    pantry-tree:
      size: 383
      sha256: 9c5bb405d2b708e128b1206b09f86aeed9b9a6689c6391e66d39dcfa0924638d
  original:
    hackage: headed-megaparsec-0.2.0.1@sha256:4bb2f1e68d2972e6b40ede202708c81b2e2fe83c454e439f27f47d1fdf7c8697,1571
- completed:
    name: lucid
    version: 2.10.0
    git: https://github.com/WaviLabs/lucid
    pantry-tree:
      size: 1531
      sha256: f75ab22c8155d37ce9480b68326949c9f303aadd512e993254b44d759d22130d
    commit: bd40149c16443256fb34a3e18146fb1499a82ae8
  original:
    git: https://github.com/WaviLabs/lucid
    commit: bd40149c16443256fb34a3e18146fb1499a82ae8
- completed:
    name: servant-lucid
    version: 0.9.0.3
    git: https://github.com/WaviLabs/servant-lucid
    pantry-tree:
      size: 4887
      sha256: 5bc43bc87aa66f26323eef7700b2164abdf8c73dd1bb956de940a94cbea7ef27
    commit: d872a8928e43cb8d1c17991b1ee96b08f1bfbf5a
  original:
    git: https://github.com/WaviLabs/servant-lucid
    commit: d872a8928e43cb8d1c17991b1ee96b08f1bfbf5a
- completed:
    hackage: lucid-alpine-0.1.0.4@sha256:f996ec4052d0d5bfa34e6935586df0e8db355c40442efb22332fb564bdbc6756,1763
    pantry-tree:
      size: 416
      sha256: 2fcfec681863cdc87f8e0057a7c398417dcfacc73254727156cc08215ce06b43
  original:
    hackage: lucid-alpine-0.1.0.4@sha256:f996ec4052d0d5bfa34e6935586df0e8db355c40442efb22332fb564bdbc6756,1763
- completed:
    hackage: lucid-htmx-0.1.0.3@sha256:54c40c2e02c82c34643d65b3ca3fcd12b7db81530879bb808a82703bf2447b7f,1521
    pantry-tree:
      size: 498
      sha256: a0ae4c49b51975cad7126e0e65a69effe6e6b38a193c3c4b5df2ebce62674f99
  original:
    hackage: lucid-htmx-0.1.0.3@sha256:54c40c2e02c82c34643d65b3ca3fcd12b7db81530879bb808a82703bf2447b7f,1521
- completed:
    hackage: postgresql-syntax-0.4@sha256:df8b65a33f4088eddad25cedbec814e5f34f8e8ae55065139b73bd6da0d66f21,4176
    pantry-tree:
      size: 1227
      sha256: 1942e3259b02a2546bf1fc6fe7f956cbcce724f29c3feea8698ab90a465e499a
  original:
    hackage: postgresql-syntax-0.4@sha256:df8b65a33f4088eddad25cedbec814e5f34f8e8ae55065139b73bd6da0d66f21,4176
snapshots:
- completed:
    size: 586069
    url: https://raw.githubusercontent.com/commercialhaskell/stackage-snapshots/master/lts/18/14.yaml
    sha256: 87842ecbaa8ca9cee59a7e6be52369dbed82ed075cb4e0d152614a627e8fd488
  original:
    url: https://raw.githubusercontent.com/commercialhaskell/stackage-snapshots/master/lts/18/14.yaml
